
Microsoft Visual Studio Solution File, Format Version 12.00
# Visual Studio 2012
Project("{D954291E-2A0B-460D-934E-DC6B0785DB48}") = "DienChanApp", "DienChanApp\DienChanApp.shproj", "{4B906EC1-C4BF-4A79-B6E1-8383A0FD8F85}"
EndProject
Project("{FAE04EC0-301F-11D3-BF4B-00C04F79EFBC}") = "DienChanApp.iOS", "iOS\DienChanApp.iOS.csproj", "{A59C3EDD-CBF0-4269-AB9C-8E2FF7E2B13A}"
EndProject
Project("{FAE04EC0-301F-11D3-BF4B-00C04F79EFBC}") = "DienChanApp.Droid", "Droid\DienChanApp.Droid.csproj", "{F696FE16-D338-4853-827C-E2B595DE6695}"
EndProject
Global
	GlobalSection(SolutionConfigurationPlatforms) = preSolution
		Debug|iPhoneSimulator = Debug|iPhoneSimulator
		Release|iPhone = Release|iPhone
		Release|iPhoneSimulator = Release|iPhoneSimulator
		Debug|iPhone = Debug|iPhone
		Debug|Any CPU = Debug|Any CPU
		Release|Any CPU = Release|Any CPU
	EndGlobalSection
	GlobalSection(ProjectConfigurationPlatforms) = postSolution
		{A59C3EDD-CBF0-4269-AB9C-8E2FF7E2B13A}.Debug|iPhoneSimulator.ActiveCfg = Debug|iPhoneSimulator
		{A59C3EDD-CBF0-4269-AB9C-8E2FF7E2B13A}.Debug|iPhoneSimulator.Build.0 = Debug|iPhoneSimulator
		{A59C3EDD-CBF0-4269-AB9C-8E2FF7E2B13A}.Release|iPhone.ActiveCfg = Release|iPhone
		{A59C3EDD-CBF0-4269-AB9C-8E2FF7E2B13A}.Release|iPhone.Build.0 = Release|iPhone
		{A59C3EDD-CBF0-4269-AB9C-8E2FF7E2B13A}.Release|iPhoneSimulator.ActiveCfg = Release|iPhoneSimulator
		{A59C3EDD-CBF0-4269-AB9C-8E2FF7E2B13A}.Release|iPhoneSimulator.Build.0 = Release|iPhoneSimulator
		{A59C3EDD-CBF0-4269-AB9C-8E2FF7E2B13A}.Debug|iPhone.ActiveCfg = Debug|iPhone
		{A59C3EDD-CBF0-4269-AB9C-8E2FF7E2B13A}.Debug|iPhone.Build.0 = Debug|iPhone
		{A59C3EDD-CBF0-4269-AB9C-8E2FF7E2B13A}.Debug|Any CPU.ActiveCfg = Debug|iPhoneSimulator
		{A59C3EDD-CBF0-4269-AB9C-8E2FF7E2B13A}.Debug|Any CPU.Build.0 = Debug|iPhoneSimulator
		{A59C3EDD-CBF0-4269-AB9C-8E2FF7E2B13A}.Release|Any CPU.ActiveCfg = Release|iPhone
		{A59C3EDD-CBF0-4269-AB9C-8E2FF7E2B13A}.Release|Any CPU.Build.0 = Release|iPhone
		{F696FE16-D338-4853-827C-E2B595DE6695}.Debug|iPhoneSimulator.ActiveCfg = Debug|Any CPU
		{F696FE16-D338-4853-827C-E2B595DE6695}.Debug|iPhoneSimulator.Build.0 = Debug|Any CPU
		{F696FE16-D338-4853-827C-E2B595DE6695}.Release|iPhone.ActiveCfg = Release|Any CPU
		{F696FE16-D338-4853-827C-E2B595DE6695}.Release|iPhone.Build.0 = Release|Any CPU
		{F696FE16-D338-4853-827C-E2B595DE6695}.Release|iPhoneSimulator.ActiveCfg = Release|Any CPU
		{F696FE16-D338-4853-827C-E2B595DE6695}.Release|iPhoneSimulator.Build.0 = Release|Any CPU
		{F696FE16-D338-4853-827C-E2B595DE6695}.Debug|iPhone.ActiveCfg = Debug|Any CPU
		{F696FE16-D338-4853-827C-E2B595DE6695}.Debug|iPhone.Build.0 = Debug|Any CPU
		{F696FE16-D338-4853-827C-E2B595DE6695}.Debug|Any CPU.ActiveCfg = Debug|Any CPU
		{F696FE16-D338-4853-827C-E2B595DE6695}.Debug|Any CPU.Build.0 = Debug|Any CPU
		{F696FE16-D338-4853-827C-E2B595DE6695}.Release|Any CPU.ActiveCfg = Release|Any CPU
		{F696FE16-D338-4853-827C-E2B595DE6695}.Release|Any CPU.Build.0 = Release|Any CPU
	EndGlobalSection
EndGlobal
